
Microsoft Visual Studio Solution File, Format Version 12.00
# Visual Studio 2012
Project("{FAE04EC0-301F-11D3-BF4B-00C04F79EFBC}") = "vbox-vm-backup", "vbox-vm-backup\vbox-vm-backup.csproj", "{917F48FF-04AB-4723-A149-6F4D31555B54}"
EndProject
Global
	GlobalSection(SolutionConfigurationPlatforms) = preSolution
		Debug|Any CPU = Debug|Any CPU
		Release|Any CPU = Release|Any CPU
	EndGlobalSection
	GlobalSection(ProjectConfigurationPlatforms) = postSolution
		{917F48FF-04AB-4723-A149-6F4D31555B54}.Debug|Any CPU.ActiveCfg = Debug|Any CPU
		{917F48FF-04AB-4723-A149-6F4D31555B54}.Debug|Any CPU.Build.0 = Debug|Any CPU
		{917F48FF-04AB-4723-A149-6F4D31555B54}.Release|Any CPU.ActiveCfg = Release|Any CPU
		{917F48FF-04AB-4723-A149-6F4D31555B54}.Release|Any CPU.Build.0 = Release|Any CPU
	EndGlobalSection
	GlobalSection(SolutionProperties) = preSolution
		HideSolutionNode = FALSE
	EndGlobalSection
EndGlobal
